
Microsoft Visual Studio Solution File, Format Version 12.00
# Visual Studio 15
VisualStudioVersion = 15.0.28307.645
MinimumVisualStudioVersion = 10.0.40219.1
Project("{FAE04EC0-301F-11D3-BF4B-00C04F79EFBC}") = "BenderAndURL", "BenderAndURL\BenderAndURL.csproj", "{2FC3CD09-E4C6-48DE-A9F7-AC3B77E7B455}"
EndProject
Global
	GlobalSection(SolutionConfigurationPlatforms) = preSolution
		Debug|Any CPU = Debug|Any CPU
		Release|Any CPU = Release|Any CPU
	EndGlobalSection
	GlobalSection(ProjectConfigurationPlatforms) = postSolution
		{2FC3CD09-E4C6-48DE-A9F7-AC3B77E7B455}.Debug|Any CPU.ActiveCfg = Debug|Any CPU
		{2FC3CD09-E4C6-48DE-A9F7-AC3B77E7B455}.Debug|Any CPU.Build.0 = Debug|Any CPU
		{2FC3CD09-E4C6-48DE-A9F7-AC3B77E7B455}.Release|Any CPU.ActiveCfg = Release|Any CPU
		{2FC3CD09-E4C6-48DE-A9F7-AC3B77E7B455}.Release|Any CPU.Build.0 = Release|Any CPU
	EndGlobalSection
	GlobalSection(SolutionProperties) = preSolution
		HideSolutionNode = FALSE
	EndGlobalSection
	GlobalSection(ExtensibilityGlobals) = postSolution
		SolutionGuid = {EF209603-249B-49CF-9ED1-F7F5EBD5E88E}
	EndGlobalSection
EndGlobal
