
Microsoft Visual Studio Solution File, Format Version 12.00
# Visual Studio 15
VisualStudioVersion = 15.0.28307.271
MinimumVisualStudioVersion = 10.0.40219.1
Project("{FAE04EC0-301F-11D3-BF4B-00C04F79EFBC}") = "ReinforcementLearning", "ReinforcementLearning.csproj", "{14A13166-85A7-4B5D-844F-20C18651CEE4}"
EndProject
Global
	GlobalSection(SolutionConfigurationPlatforms) = preSolution
		Debug|Any CPU = Debug|Any CPU
		Release|Any CPU = Release|Any CPU
	EndGlobalSection
	GlobalSection(ProjectConfigurationPlatforms) = postSolution
		{14A13166-85A7-4B5D-844F-20C18651CEE4}.Debug|Any CPU.ActiveCfg = Debug|Any CPU
		{14A13166-85A7-4B5D-844F-20C18651CEE4}.Debug|Any CPU.Build.0 = Debug|Any CPU
		{14A13166-85A7-4B5D-844F-20C18651CEE4}.Release|Any CPU.ActiveCfg = Release|Any CPU
		{14A13166-85A7-4B5D-844F-20C18651CEE4}.Release|Any CPU.Build.0 = Release|Any CPU
	EndGlobalSection
	GlobalSection(SolutionProperties) = preSolution
		HideSolutionNode = FALSE
	EndGlobalSection
	GlobalSection(ExtensibilityGlobals) = postSolution
		SolutionGuid = {CAB64C8B-19B9-4F98-9A13-A72044D5B4E0}
	EndGlobalSection
EndGlobal
